
Microsoft Visual Studio Solution File, Format Version 12.00
# Visual Studio Version 17
VisualStudioVersion = 17.14.37301.10 d17.14
MinimumVisualStudioVersion = 10.0.40219.1
Project("{FAE04EC0-301F-11D3-BF4B-00C04F79EFBC}") = "Midterm_BCS240037", "Midterm_BCS240037.csproj", "{218BDBAA-7BF5-4249-BD95-747F66817807}"
EndProject
Global
	GlobalSection(SolutionConfigurationPlatforms) = preSolution
		Debug|Any CPU = Debug|Any CPU
		Release|Any CPU = Release|Any CPU
	EndGlobalSection
	GlobalSection(ProjectConfigurationPlatforms) = postSolution
		{218BDBAA-7BF5-4249-BD95-747F66817807}.Debug|Any CPU.ActiveCfg = Debug|Any CPU
		{218BDBAA-7BF5-4249-BD95-747F66817807}.Debug|Any CPU.Build.0 = Debug|Any CPU
		{218BDBAA-7BF5-4249-BD95-747F66817807}.Release|Any CPU.ActiveCfg = Release|Any CPU
		{218BDBAA-7BF5-4249-BD95-747F66817807}.Release|Any CPU.Build.0 = Release|Any CPU
	EndGlobalSection
	GlobalSection(SolutionProperties) = preSolution
		HideSolutionNode = FALSE
	EndGlobalSection
	GlobalSection(ExtensibilityGlobals) = postSolution
		SolutionGuid = {468FA4B7-B181-4383-965B-88E623AD8A7E}
	EndGlobalSection
EndGlobal
